{
  "requires": true,
  "lockfileVersion": 1,
  "dependencies": {
    "react-splitter-layout": {
      "version": "4.0.0",
      "resolved": "https://registry.npmjs.org/react-splitter-layout/-/react-splitter-layout-4.0.0.tgz",
      "integrity": "sha512-SLqOjBOxRuizWUa83w6q5/u9cDWa9/yj9Iko9V9JFN8x+cqIXiDlUFWSx+icz3IIgvsN/oRIw3za5/32RjIwrA=="
    }
  }
}
